
Microsoft Visual Studio Solution File, Format Version 12.00
# Visual Studio 15
VisualStudioVersion = 15.0.26730.10
MinimumVisualStudioVersion = 10.0.40219.1
Project("{FAE04EC0-301F-11D3-BF4B-00C04F79EFBC}") = "DemoApp", "DemoApp\DemoApp.csproj", "{9091C8A6-8E15-48FA-A9C3-D586D4440596}"
EndProject
Project("{FAE04EC0-301F-11D3-BF4B-00C04F79EFBC}") = "DemoApp.Tests", "DemoApp.Tests\DemoApp.Tests.csproj", "{62EF4266-9619-4A88-91BD-412DD4577B96}"
EndProject
Global
	GlobalSection(SolutionConfigurationPlatforms) = preSolution
		Debug|Any CPU = Debug|Any CPU
		Release|Any CPU = Release|Any CPU
	EndGlobalSection
	GlobalSection(ProjectConfigurationPlatforms) = postSolution
		{9091C8A6-8E15-48FA-A9C3-D586D4440596}.Debug|Any CPU.ActiveCfg = Debug|Any CPU
		{9091C8A6-8E15-48FA-A9C3-D586D4440596}.Debug|Any CPU.Build.0 = Debug|Any CPU
		{9091C8A6-8E15-48FA-A9C3-D586D4440596}.Release|Any CPU.ActiveCfg = Release|Any CPU
		{9091C8A6-8E15-48FA-A9C3-D586D4440596}.Release|Any CPU.Build.0 = Release|Any CPU
		{62EF4266-9619-4A88-91BD-412DD4577B96}.Debug|Any CPU.ActiveCfg = Debug|Any CPU
		{62EF4266-9619-4A88-91BD-412DD4577B96}.Debug|Any CPU.Build.0 = Debug|Any CPU
		{62EF4266-9619-4A88-91BD-412DD4577B96}.Release|Any CPU.ActiveCfg = Release|Any CPU
		{62EF4266-9619-4A88-91BD-412DD4577B96}.Release|Any CPU.Build.0 = Release|Any CPU
	EndGlobalSection
	GlobalSection(SolutionProperties) = preSolution
		HideSolutionNode = FALSE
	EndGlobalSection
	GlobalSection(ExtensibilityGlobals) = postSolution
		SolutionGuid = {EB2C24FA-3396-46BE-9A80-8D8A0A62D40B}
	EndGlobalSection
EndGlobal
